PODS:
  - PromiseKit/CorePromise (6.10.0)

DEPENDENCIES:
  - PromiseKit/CorePromise (~> 6.8)

SPEC REPOS:
  https://github.com/CocoaPods/Specs.git:
    - PromiseKit

SPEC CHECKSUMS:
  PromiseKit: 1fdaeb6c0a94a5114fcb814ff3d772b86886ad4e

PODFILE CHECKSUM: c577155d616128ace577eee7d8c6f8a0d0ab695f

COCOAPODS: 1.8.4
