PODS:
  - Cards (1.4.0):
    - Player (= 0.13.0)
  - Player (0.13.0)
  - PromiseKit/CorePromise (6.10.0)

DEPENDENCIES:
  - Cards
  - PromiseKit/CorePromise (~> 6.8)

SPEC REPOS:
  https://github.com/CocoaPods/Specs.git:
    - PromiseKit
  trunk:
    - Cards
    - Player

SPEC CHECKSUMS:
  Cards: 45ae6bd0eca7b5e8016d3b6cb30b60b04753f68f
  Player: 968d8d07d923bcdd6f7e4091c9e306eb44a5f7a4
  PromiseKit: 1fdaeb6c0a94a5114fcb814ff3d772b86886ad4e

PODFILE CHECKSUM: 080f681e20d8dc7e70b1cd2123e66b9eb4fb41e3

COCOAPODS: 1.8.4
