// !$*UTF8*$!
{
	archiveVersion = 1;
	classes = {
	};
	objectVersion = 51;
	objects = {

/* Begin PBXBuildFile section */
		4D058DF82173D0070060D78D /* AppDelegate.swift in Sources */ = {isa = PBXBuildFile; fileRef = 4D058DF72173D0070060D78D /* AppDelegate.swift */; };
		4D058DFF2173D0090060D78D /* Assets.xcassets in Resources */ = {isa = PBXBuildFile; fileRef = 4D058DFE2173D0090060D78D /* Assets.xcassets */; };
		4D058E022173D0090060D78D /* LaunchScreen.storyboard in Resources */ = {isa = PBXBuildFile; fileRef = 4D058E002173D0090060D78D /* LaunchScreen.storyboard */; };
		4D0729B72354614500CF1D72 /* SpinnerViewController.swift in Sources */ = {isa = PBXBuildFile; fileRef = 4D0729B62354614500CF1D72 /* SpinnerViewController.swift */; };
		4D09984623619FF700FF30BC /* String+Extension.swift in Sources */ = {isa = PBXBuildFile; fileRef = 4D09984523619FF700FF30BC /* String+Extension.swift */; };
		4D15BDDF2347F50800827BAB /* TabBarController.swift in Sources */ = {isa = PBXBuildFile; fileRef = 4D15BDDE2347F50800827BAB /* TabBarController.swift */; };
		4D15BDE12347F5E500827BAB /* HomeScreen.swift in Sources */ = {isa = PBXBuildFile; fileRef = 4D15BDE02347F5E500827BAB /* HomeScreen.swift */; };
		4D15BDE32347F64B00827BAB /* Nearby.swift in Sources */ = {isa = PBXBuildFile; fileRef = 4D15BDE22347F64B00827BAB /* Nearby.swift */; };
		4D15BDE62347FD0C00827BAB /* MapController.swift in Sources */ = {isa = PBXBuildFile; fileRef = 4D15BDE52347FD0C00827BAB /* MapController.swift */; };
		4D2CE5CD23508BA8007454B2 /* PreviewCell.swift in Sources */ = {isa = PBXBuildFile; fileRef = 4D2CE5CC23508BA8007454B2 /* PreviewCell.swift */; };
		4D3EE741221D7DE200DC1EE2 /* WikipediaKit.framework in Frameworks */ = {isa = PBXBuildFile; fileRef = 4D5E171E2219CABA00B21512 /* WikipediaKit.framework */; };
		4D3EE742221D7DFE00DC1EE2 /* WikipediaKit.framework in CopyFiles */ = {isa = PBXBuildFile; fileRef = 4D5E171E2219CABA00B21512 /* WikipediaKit.framework */; settings = {ATTRIBUTES = (CodeSignOnCopy, RemoveHeadersOnCopy, ); }; };
		4D55476722A461450063676E /* Place.swift in Sources */ = {isa = PBXBuildFile; fileRef = 4D55476622A461450063676E /* Place.swift */; };
		4D656C0D22917CA00071C070 /* FormattingDelegate.swift in Sources */ = {isa = PBXBuildFile; fileRef = 4D656C0C22917CA00071C070 /* FormattingDelegate.swift */; };
		4D69EDDC21A23321008FD88C /* Alert.swift in Sources */ = {isa = PBXBuildFile; fileRef = 4D69EDDB21A23321008FD88C /* Alert.swift */; };
		4DB209492259419800195862 /* Marker.swift in Sources */ = {isa = PBXBuildFile; fileRef = 4DB209482259419800195862 /* Marker.swift */; };
		4DB2FD682361F51D00EC34C0 /* StackView+Extension.swift in Sources */ = {isa = PBXBuildFile; fileRef = 4DB2FD672361F51D00EC34C0 /* StackView+Extension.swift */; };
		4DD3B9E123487AB900EE6A66 /* About.swift in Sources */ = {isa = PBXBuildFile; fileRef = 4DD3B9E023487AB900EE6A66 /* About.swift */; };
		4DD5A92D2354E92A00159F37 /* DetailedView.swift in Sources */ = {isa = PBXBuildFile; fileRef = 4DD5A92C2354E92A00159F37 /* DetailedView.swift */; };
		EA958247E9DDEC316507A2C7 /* Pods_Flora.framework in Frameworks */ = {isa = PBXBuildFile; fileRef = 0D2850AF6AB644B0BAC771CC /* Pods_Flora.framework */; };
/* End PBXBuildFile section */

/* Begin PBXContainerItemProxy section */
		4D5E171B2219CABA00B21512 /* PBXContainerItemProxy */ = {
			isa = PBXContainerItemProxy;
			containerPortal = 4D5E17132219CABA00B21512 /* WikipediaKit.xcodeproj */;
			proxyType = 2;
			remoteGlobalIDString = 27E365081E81757500F39F78;
			remoteInfo = "WikipediaKit-macOS";
		};
		4D5E171D2219CABA00B21512 /* PBXContainerItemProxy */ = {
			isa = PBXContainerItemProxy;
			containerPortal = 4D5E17132219CABA00B21512 /* WikipediaKit.xcodeproj */;
			proxyType = 2;
			remoteGlobalIDString = 27E365471E81AC6A00F39F78;
			remoteInfo = "WikipediaKit-iOS";
		};
		4D5E171F2219CABA00B21512 /* PBXContainerItemProxy */ = {
			isa = PBXContainerItemProxy;
			containerPortal = 4D5E17132219CABA00B21512 /* WikipediaKit.xcodeproj */;
			proxyType = 2;
			remoteGlobalIDString = 27E3658A1E81C95D00F39F78;
			remoteInfo = "WikipediaKit-watchOS";
		};
		4D5E17212219CABA00B21512 /* PBXContainerItemProxy */ = {
			isa = PBXContainerItemProxy;
			containerPortal = 4D5E17132219CABA00B21512 /* WikipediaKit.xcodeproj */;
			proxyType = 2;
			remoteGlobalIDString = 27E365AC1E81C9E300F39F78;
			remoteInfo = "WikipediaKit-tvOS";
		};
		4D5E17232219CABA00B21512 /* PBXContainerItemProxy */ = {
			isa = PBXContainerItemProxy;
			containerPortal = 4D5E17132219CABA00B21512 /* WikipediaKit.xcodeproj */;
			proxyType = 2;
			remoteGlobalIDString = 274EFCDD1EB899E90047428B;
			remoteInfo = WikipediaKitTests;
		};
		4D5E17252219CAD800B21512 /* PBXContainerItemProxy */ = {
			isa = PBXContainerItemProxy;
			containerPortal = 4D5E17132219CABA00B21512 /* WikipediaKit.xcodeproj */;
			proxyType = 1;
			remoteGlobalIDString = 27E365461E81AC6A00F39F78;
			remoteInfo = "WikipediaKit-iOS";
		};
/* End PBXContainerItemProxy section */

/* Begin PBXCopyFilesBuildPhase section */
		4D3EE73E221D7CAB00DC1EE2 /* CopyFiles */ = {
			isa = PBXCopyFilesBuildPhase;
			buildActionMask = 12;
			dstPath = "";
			dstSubfolderSpec = 10;
			files = (
				4D3EE742221D7DFE00DC1EE2 /* WikipediaKit.framework in CopyFiles */,
			);
			runOnlyForDeploymentPostprocessing = 0;
		};
/* End PBXCopyFilesBuildPhase section */

/* Begin PBXFileReference section */
		0D2850AF6AB644B0BAC771CC /* Pods_Flora.framework */ = {isa = PBXFileReference; explicitFileType = wrapper.framework; includeInIndex = 0; path = Pods_Flora.framework; sourceTree = BUILT_PRODUCTS_DIR; };
		4D058DF42173D0070060D78D /* Flora.app */ = {isa = PBXFileReference; explicitFileType = wrapper.application; includeInIndex = 0; path = Flora.app; sourceTree = BUILT_PRODUCTS_DIR; };
		4D058DF72173D0070060D78D /* AppDelegate.swift */ = {isa = PBXFileReference; lastKnownFileType = sourcecode.swift; path = AppDelegate.swift; sourceTree = "<group>"; };
		4D058DFE2173D0090060D78D /* Assets.xcassets */ = {isa = PBXFileReference; lastKnownFileType = folder.assetcatalog; path = Assets.xcassets; sourceTree = "<group>"; };
		4D058E012173D0090060D78D /* Base */ = {isa = PBXFileReference; lastKnownFileType = file.storyboard; name = Base; path = Base.lproj/LaunchScreen.storyboard; sourceTree = "<group>"; };
		4D058E032173D0090060D78D /* Info.plist */ = {isa = PBXFileReference; lastKnownFileType = text.plist.xml; path = Info.plist; sourceTree = "<group>"; };
		4D0729B62354614500CF1D72 /* SpinnerViewController.swift */ = {isa = PBXFileReference; lastKnownFileType = sourcecode.swift; path = SpinnerViewController.swift; sourceTree = "<group>"; };
		4D09984523619FF700FF30BC /* String+Extension.swift */ = {isa = PBXFileReference; lastKnownFileType = sourcecode.swift; path = "String+Extension.swift"; sourceTree = "<group>"; };
		4D15BDDE2347F50800827BAB /* TabBarController.swift */ = {isa = PBXFileReference; lastKnownFileType = sourcecode.swift; path = TabBarController.swift; sourceTree = "<group>"; };
		4D15BDE02347F5E500827BAB /* HomeScreen.swift */ = {isa = PBXFileReference; lastKnownFileType = sourcecode.swift; path = HomeScreen.swift; sourceTree = "<group>"; };
		4D15BDE22347F64B00827BAB /* Nearby.swift */ = {isa = PBXFileReference; lastKnownFileType = sourcecode.swift; path = Nearby.swift; sourceTree = "<group>"; };
		4D15BDE52347FD0C00827BAB /* MapController.swift */ = {isa = PBXFileReference; lastKnownFileType = sourcecode.swift; path = MapController.swift; sourceTree = "<group>"; };
		4D2CE5CC23508BA8007454B2 /* PreviewCell.swift */ = {isa = PBXFileReference; lastKnownFileType = sourcecode.swift; path = PreviewCell.swift; sourceTree = "<group>"; };
		4D55476622A461450063676E /* Place.swift */ = {isa = PBXFileReference; lastKnownFileType = sourcecode.swift; path = Place.swift; sourceTree = "<group>"; };
		4D5E17132219CABA00B21512 /* WikipediaKit.xcodeproj */ = {isa = PBXFileReference; lastKnownFileType = "wrapper.pb-project"; name = WikipediaKit.xcodeproj; path = ../WikipediaKit/WikipediaKit.xcodeproj; sourceTree = "<group>"; };
		4D656C0C22917CA00071C070 /* FormattingDelegate.swift */ = {isa = PBXFileReference; lastKnownFileType = sourcecode.swift; path = FormattingDelegate.swift; sourceTree = "<group>"; };
		4D69EDDB21A23321008FD88C /* Alert.swift */ = {isa = PBXFileReference; lastKnownFileType = sourcecode.swift; path = Alert.swift; sourceTree = "<group>"; };
		4DB209482259419800195862 /* Marker.swift */ = {isa = PBXFileReference; lastKnownFileType = sourcecode.swift; path = Marker.swift; sourceTree = "<group>"; };
		4DB2FD672361F51D00EC34C0 /* StackView+Extension.swift */ = {isa = PBXFileReference; lastKnownFileType = sourcecode.swift; path = "StackView+Extension.swift"; sourceTree = "<group>"; };
		4DD3B9E023487AB900EE6A66 /* About.swift */ = {isa = PBXFileReference; lastKnownFileType = sourcecode.swift; path = About.swift; sourceTree = "<group>"; };
		4DD5A92C2354E92A00159F37 /* DetailedView.swift */ = {isa = PBXFileReference; lastKnownFileType = sourcecode.swift; path = DetailedView.swift; sourceTree = "<group>"; };
		CCDE2D6BEC264162882709DA /* Pods-Flora.debug.xcconfig */ = {isa = PBXFileReference; includeInIndex = 1; lastKnownFileType = text.xcconfig; name = "Pods-Flora.debug.xcconfig"; path = "Pods/Target Support Files/Pods-Flora/Pods-Flora.debug.xcconfig"; sourceTree = "<group>"; };
		E5B38042A8C2FD86DDCBD9A8 /* Pods-Flora.release.xcconfig */ = {isa = PBXFileReference; includeInIndex = 1; lastKnownFileType = text.xcconfig; name = "Pods-Flora.release.xcconfig"; path = "Pods/Target Support Files/Pods-Flora/Pods-Flora.release.xcconfig"; sourceTree = "<group>"; };
/* End PBXFileReference section */

/* Begin PBXFrameworksBuildPhase section */
		4D058DF12173D0070060D78D /* Frameworks */ = {
			isa = PBXFrameworksBuildPhase;
			buildActionMask = 2147483647;
			files = (
				4D3EE741221D7DE200DC1EE2 /* WikipediaKit.framework in Frameworks */,
				EA958247E9DDEC316507A2C7 /* Pods_Flora.framework in Frameworks */,
			);
			runOnlyForDeploymentPostprocessing = 0;
		};
/* End PBXFrameworksBuildPhase section */

/* Begin PBXGroup section */
		22DEB42649F52E8F562BC372 /* Pods */ = {
			isa = PBXGroup;
			children = (
				CCDE2D6BEC264162882709DA /* Pods-Flora.debug.xcconfig */,
				E5B38042A8C2FD86DDCBD9A8 /* Pods-Flora.release.xcconfig */,
			);
			name = Pods;
			sourceTree = "<group>";
		};
		4D058DEB2173D0070060D78D = {
			isa = PBXGroup;
			children = (
				4D5E17132219CABA00B21512 /* WikipediaKit.xcodeproj */,
				4D058DF62173D0070060D78D /* Flora */,
				4D058DF52173D0070060D78D /* Products */,
				22DEB42649F52E8F562BC372 /* Pods */,
				F62FDA88D579F8F7DDCC6A5E /* Frameworks */,
			);
			sourceTree = "<group>";
		};
		4D058DF52173D0070060D78D /* Products */ = {
			isa = PBXGroup;
			children = (
				4D058DF42173D0070060D78D /* Flora.app */,
			);
			name = Products;
			sourceTree = "<group>";
		};
		4D058DF62173D0070060D78D /* Flora */ = {
			isa = PBXGroup;
			children = (
				4DEF3C4821FA2D9400EF8F9E /* Model */,
				4D15BDD92347F4E300827BAB /* Controller */,
				4DC1D2D623A77DB500E87EEB /* View */,
				4D0729B12354610F00CF1D72 /* Reusables */,
				4D69EDD921A232BA008FD88C /* Utilities */,
				4D09984023619FD600FF30BC /* Extensions */,
				4D058DFE2173D0090060D78D /* Assets.xcassets */,
				4D058DF72173D0070060D78D /* AppDelegate.swift */,
				4D058E002173D0090060D78D /* LaunchScreen.storyboard */,
				4D058E032173D0090060D78D /* Info.plist */,
			);
			path = Flora;
			sourceTree = "<group>";
		};
		4D0729B12354610F00CF1D72 /* Reusables */ = {
			isa = PBXGroup;
			children = (
				4D0729B62354614500CF1D72 /* SpinnerViewController.swift */,
			);
			path = Reusables;
			sourceTree = "<group>";
		};
		4D09984023619FD600FF30BC /* Extensions */ = {
			isa = PBXGroup;
			children = (
				4D09984523619FF700FF30BC /* String+Extension.swift */,
				4DB2FD672361F51D00EC34C0 /* StackView+Extension.swift */,
			);
			path = Extensions;
			sourceTree = "<group>";
		};
		4D15BDD92347F4E300827BAB /* Controller */ = {
			isa = PBXGroup;
			children = (
				4D15BDDE2347F50800827BAB /* TabBarController.swift */,
				4D15BDE02347F5E500827BAB /* HomeScreen.swift */,
				4D15BDE22347F64B00827BAB /* Nearby.swift */,
				4D15BDE52347FD0C00827BAB /* MapController.swift */,
				4DD3B9E023487AB900EE6A66 /* About.swift */,
				4D2CE5CC23508BA8007454B2 /* PreviewCell.swift */,
				4DD5A92C2354E92A00159F37 /* DetailedView.swift */,
			);
			path = Controller;
			sourceTree = "<group>";
		};
		4D5E17142219CABA00B21512 /* Products */ = {
			isa = PBXGroup;
			children = (
				4D5E171C2219CABA00B21512 /* WikipediaKit.framework */,
				4D5E171E2219CABA00B21512 /* WikipediaKit.framework */,
				4D5E17202219CABA00B21512 /* WikipediaKit.framework */,
				4D5E17222219CABA00B21512 /* WikipediaKit.framework */,
				4D5E17242219CABA00B21512 /* WikipediaKitTests.xctest */,
			);
			name = Products;
			sourceTree = "<group>";
		};
		4D69EDD921A232BA008FD88C /* Utilities */ = {
			isa = PBXGroup;
			children = (
				4D69EDDB21A23321008FD88C /* Alert.swift */,
				4D656C0C22917CA00071C070 /* FormattingDelegate.swift */,
			);
			path = Utilities;
			sourceTree = "<group>";
		};
		4DC1D2D623A77DB500E87EEB /* View */ = {
			isa = PBXGroup;
			children = (
			);
			path = View;
			sourceTree = "<group>";
		};
		4DEF3C4821FA2D9400EF8F9E /* Model */ = {
			isa = PBXGroup;
			children = (
				4DB209482259419800195862 /* Marker.swift */,
				4D55476622A461450063676E /* Place.swift */,
			);
			path = Model;
			sourceTree = "<group>";
		};
		F62FDA88D579F8F7DDCC6A5E /* Frameworks */ = {
			isa = PBXGroup;
			children = (
				0D2850AF6AB644B0BAC771CC /* Pods_Flora.framework */,
			);
			name = Frameworks;
			sourceTree = "<group>";
		};
/* End PBXGroup section */

/* Begin PBXNativeTarget section */
		4D058DF32173D0070060D78D /* Flora */ = {
			isa = PBXNativeTarget;
			buildConfigurationList = 4D058E062173D0090060D78D /* Build configuration list for PBXNativeTarget "Flora" */;
			buildPhases = (
				10E78052A6D78D39E857B0C8 /* [CP] Check Pods Manifest.lock */,
				4D058DF02173D0070060D78D /* Sources */,
				4D058DF12173D0070060D78D /* Frameworks */,
				4D058DF22173D0070060D78D /* Resources */,
				6C880DA6BD1E7DC392C24F0B /* [CP] Embed Pods Frameworks */,
				4D3EE73E221D7CAB00DC1EE2 /* CopyFiles */,
			);
			buildRules = (
			);
			dependencies = (
				4D5E17262219CAD800B21512 /* PBXTargetDependency */,
			);
			name = Flora;
			productName = Flora;
			productReference = 4D058DF42173D0070060D78D /* Flora.app */;
			productType = "com.apple.product-type.application";
		};
/* End PBXNativeTarget section */

/* Begin PBXProject section */
		4D058DEC2173D0070060D78D /* Project object */ = {
			isa = PBXProject;
			attributes = {
				LastSwiftUpdateCheck = 1020;
				LastUpgradeCheck = 1000;
				ORGANIZATIONNAME = "Mark Villar";
				TargetAttributes = {
					4D058DF32173D0070060D78D = {
						CreatedOnToolsVersion = 10.0;
						LastSwiftMigration = 1020;
					};
				};
			};
			buildConfigurationList = 4D058DEF2173D0070060D78D /* Build configuration list for PBXProject "Flora" */;
			compatibilityVersion = "Xcode 9.3";
			developmentRegion = en;
			hasScannedForEncodings = 0;
			knownRegions = (
				en,
				Base,
			);
			mainGroup = 4D058DEB2173D0070060D78D;
			productRefGroup = 4D058DF52173D0070060D78D /* Products */;
			projectDirPath = "";
			projectReferences = (
				{
					ProductGroup = 4D5E17142219CABA00B21512 /* Products */;
					ProjectRef = 4D5E17132219CABA00B21512 /* WikipediaKit.xcodeproj */;
				},
			);
			projectRoot = "";
			targets = (
				4D058DF32173D0070060D78D /* Flora */,
			);
		};
/* End PBXProject section */

/* Begin PBXReferenceProxy section */
		4D5E171C2219CABA00B21512 /* WikipediaKit.framework */ = {
			isa = PBXReferenceProxy;
			fileType = wrapper.framework;
			path = WikipediaKit.framework;
			remoteRef = 4D5E171B2219CABA00B21512 /* PBXContainerItemProxy */;
			sourceTree = BUILT_PRODUCTS_DIR;
		};
		4D5E171E2219CABA00B21512 /* WikipediaKit.framework */ = {
			isa = PBXReferenceProxy;
			fileType = wrapper.framework;
			path = WikipediaKit.framework;
			remoteRef = 4D5E171D2219CABA00B21512 /* PBXContainerItemProxy */;
			sourceTree = BUILT_PRODUCTS_DIR;
		};
		4D5E17202219CABA00B21512 /* WikipediaKit.framework */ = {
			isa = PBXReferenceProxy;
			fileType = wrapper.framework;
			path = WikipediaKit.framework;
			remoteRef = 4D5E171F2219CABA00B21512 /* PBXContainerItemProxy */;
			sourceTree = BUILT_PRODUCTS_DIR;
		};
		4D5E17222219CABA00B21512 /* WikipediaKit.framework */ = {
			isa = PBXReferenceProxy;
			fileType = wrapper.framework;
			path = WikipediaKit.framework;
			remoteRef = 4D5E17212219CABA00B21512 /* PBXContainerItemProxy */;
			sourceTree = BUILT_PRODUCTS_DIR;
		};
		4D5E17242219CABA00B21512 /* WikipediaKitTests.xctest */ = {
			isa = PBXReferenceProxy;
			fileType = wrapper.cfbundle;
			path = WikipediaKitTests.xctest;
			remoteRef = 4D5E17232219CABA00B21512 /* PBXContainerItemProxy */;
			sourceTree = BUILT_PRODUCTS_DIR;
		};
/* End PBXReferenceProxy section */

/* Begin PBXResourcesBuildPhase section */
		4D058DF22173D0070060D78D /* Resources */ = {
			isa = PBXResourcesBuildPhase;
			buildActionMask = 2147483647;
			files = (
				4D058E022173D0090060D78D /* LaunchScreen.storyboard in Resources */,
				4D058DFF2173D0090060D78D /* Assets.xcassets in Resources */,
			);
			runOnlyForDeploymentPostprocessing = 0;
		};
/* End PBXResourcesBuildPhase section */

/* Begin PBXShellScriptBuildPhase section */
		10E78052A6D78D39E857B0C8 /* [CP] Check Pods Manifest.lock */ = {
			isa = PBXShellScriptBuildPhase;
			buildActionMask = 2147483647;
			files = (
			);
			inputFileListPaths = (
			);
			inputPaths = (
				"${PODS_PODFILE_DIR_PATH}/Podfile.lock",
				"${PODS_ROOT}/Manifest.lock",
			);
			name = "[CP] Check Pods Manifest.lock";
			outputFileListPaths = (
			);
			outputPaths = (
				"$(DERIVED_FILE_DIR)/Pods-Flora-checkManifestLockResult.txt",
			);
			runOnlyForDeploymentPostprocessing = 0;
			shellPath = /bin/sh;
			shellScript = "diff \"${PODS_PODFILE_DIR_PATH}/Podfile.lock\" \"${PODS_ROOT}/Manifest.lock\" > /dev/null\nif [ $? != 0 ] ; then\n    # print error to STDERR\n    echo \"error: The sandbox is not in sync with the Podfile.lock. Run 'pod install' or update your CocoaPods installation.\" >&2\n    exit 1\nfi\n# This output is used by Xcode 'outputs' to avoid re-running this script phase.\necho \"SUCCESS\" > \"${SCRIPT_OUTPUT_FILE_0}\"\n";
			showEnvVarsInLog = 0;
		};
		6C880DA6BD1E7DC392C24F0B /* [CP] Embed Pods Frameworks */ = {
			isa = PBXShellScriptBuildPhase;
			buildActionMask = 2147483647;
			files = (
			);
			inputFileListPaths = (
				"${PODS_ROOT}/Target Support Files/Pods-Flora/Pods-Flora-frameworks-${CONFIGURATION}-input-files.xcfilelist",
			);
			name = "[CP] Embed Pods Frameworks";
			outputFileListPaths = (
				"${PODS_ROOT}/Target Support Files/Pods-Flora/Pods-Flora-frameworks-${CONFIGURATION}-output-files.xcfilelist",
			);
			runOnlyForDeploymentPostprocessing = 0;
			shellPath = /bin/sh;
			shellScript = "\"${PODS_ROOT}/Target Support Files/Pods-Flora/Pods-Flora-frameworks.sh\"\n";
			showEnvVarsInLog = 0;
		};
/* End PBXShellScriptBuildPhase section */

/* Begin PBXSourcesBuildPhase section */
		4D058DF02173D0070060D78D /* Sources */ = {
			isa = PBXSourcesBuildPhase;
			buildActionMask = 2147483647;
			files = (
				4D058DF82173D0070060D78D /* AppDelegate.swift in Sources */,
				4D15BDDF2347F50800827BAB /* TabBarController.swift in Sources */,
				4DB209492259419800195862 /* Marker.swift in Sources */,
				4D0729B72354614500CF1D72 /* SpinnerViewController.swift in Sources */,
				4D15BDE62347FD0C00827BAB /* MapController.swift in Sources */,
				4DD3B9E123487AB900EE6A66 /* About.swift in Sources */,
				4D69EDDC21A23321008FD88C /* Alert.swift in Sources */,
				4DD5A92D2354E92A00159F37 /* DetailedView.swift in Sources */,
				4D09984623619FF700FF30BC /* String+Extension.swift in Sources */,
				4D2CE5CD23508BA8007454B2 /* PreviewCell.swift in Sources */,
				4D15BDE32347F64B00827BAB /* Nearby.swift in Sources */,
				4D15BDE12347F5E500827BAB /* HomeScreen.swift in Sources */,
				4D656C0D22917CA00071C070 /* FormattingDelegate.swift in Sources */,
				4D55476722A461450063676E /* Place.swift in Sources */,
				4DB2FD682361F51D00EC34C0 /* StackView+Extension.swift in Sources */,
			);
			runOnlyForDeploymentPostprocessing = 0;
		};
/* End PBXSourcesBuildPhase section */

/* Begin PBXTargetDependency section */
		4D5E17262219CAD800B21512 /* PBXTargetDependency */ = {
			isa = PBXTargetDependency;
			name = "WikipediaKit-iOS";
			targetProxy = 4D5E17252219CAD800B21512 /* PBXContainerItemProxy */;
		};
/* End PBXTargetDependency section */

/* Begin PBXVariantGroup section */
		4D058E002173D0090060D78D /* LaunchScreen.storyboard */ = {
			isa = PBXVariantGroup;
			children = (
				4D058E012173D0090060D78D /* Base */,
			);
			name = LaunchScreen.storyboard;
			sourceTree = "<group>";
		};
/* End PBXVariantGroup section */

/* Begin XCBuildConfiguration section */
		4D058E042173D0090060D78D /* Debug */ = {
			isa = XCBuildConfiguration;
			buildSettings = {
				ALWAYS_SEARCH_USER_PATHS = NO;
				CLANG_ANALYZER_NONNULL = YES;
				CLANG_ANALYZER_NUMBER_OBJECT_CONVERSION = YES_AGGRESSIVE;
				CLANG_CXX_LANGUAGE_STANDARD = "gnu++14";
				CLANG_CXX_LIBRARY = "libc++";
				CLANG_ENABLE_MODULES = YES;
				CLANG_ENABLE_OBJC_ARC = YES;
				CLANG_ENABLE_OBJC_WEAK = YES;
				CLANG_WARN_BLOCK_CAPTURE_AUTORELEASING = YES;
				CLANG_WARN_BOOL_CONVERSION = YES;
				CLANG_WARN_COMMA = YES;
				CLANG_WARN_CONSTANT_CONVERSION = YES;
				CLANG_WARN_DEPRECATED_OBJC_IMPLEMENTATIONS = YES;
				CLANG_WARN_DIRECT_OBJC_ISA_USAGE = YES_ERROR;
				CLANG_WARN_DOCUMENTATION_COMMENTS = YES;
				CLANG_WARN_EMPTY_BODY = YES;
				CLANG_WARN_ENUM_CONVERSION = YES;
				CLANG_WARN_INFINITE_RECURSION = YES;
				CLANG_WARN_INT_CONVERSION = YES;
				CLANG_WARN_NON_LITERAL_NULL_CONVERSION = YES;
				CLANG_WARN_OBJC_IMPLICIT_RETAIN_SELF = YES;
				CLANG_WARN_OBJC_LITERAL_CONVERSION = YES;
				CLANG_WARN_OBJC_ROOT_CLASS = YES_ERROR;
				CLANG_WARN_RANGE_LOOP_ANALYSIS = YES;
				CLANG_WARN_STRICT_PROTOTYPES = YES;
				CLANG_WARN_SUSPICIOUS_MOVE = YES;
				CLANG_WARN_UNGUARDED_AVAILABILITY = YES_AGGRESSIVE;
				CLANG_WARN_UNREACHABLE_CODE = YES;
				CLANG_WARN__DUPLICATE_METHOD_MATCH = YES;
				CODE_SIGN_IDENTITY = "iPhone Developer";
				COPY_PHASE_STRIP = NO;
				DEBUG_INFORMATION_FORMAT = dwarf;
				ENABLE_STRICT_OBJC_MSGSEND = YES;
				ENABLE_TESTABILITY = YES;
				GCC_C_LANGUAGE_STANDARD = gnu11;
				GCC_DYNAMIC_NO_PIC = NO;
				GCC_NO_COMMON_BLOCKS = YES;
				GCC_OPTIMIZATION_LEVEL = 0;
				GCC_PREPROCESSOR_DEFINITIONS = (
					"DEBUG=1",
					"$(inherited)",
				);
				GCC_WARN_64_TO_32_BIT_CONVERSION = YES;
				GCC_WARN_ABOUT_RETURN_TYPE = YES_ERROR;
				GCC_WARN_UNDECLARED_SELECTOR = YES;
				GCC_WARN_UNINITIALIZED_AUTOS = YES_AGGRESSIVE;
				GCC_WARN_UNUSED_FUNCTION = YES;
				GCC_WARN_UNUSED_VARIABLE = YES;
				IPHONEOS_DEPLOYMENT_TARGET = 13.0;
				MTL_ENABLE_DEBUG_INFO = INCLUDE_SOURCE;
				MTL_FAST_MATH = YES;
				ONLY_ACTIVE_ARCH = YES;
				SDKROOT = iphoneos;
				SWIFT_ACTIVE_COMPILATION_CONDITIONS = DEBUG;
				SWIFT_OPTIMIZATION_LEVEL = "-Onone";
			};
			name = Debug;
		};
		4D058E052173D0090060D78D /* Release */ = {
			isa = XCBuildConfiguration;
			buildSettings = {
				ALWAYS_SEARCH_USER_PATHS = NO;
				CLANG_ANALYZER_NONNULL = YES;
				CLANG_ANALYZER_NUMBER_OBJECT_CONVERSION = YES_AGGRESSIVE;
				CLANG_CXX_LANGUAGE_STANDARD = "gnu++14";
				CLANG_CXX_LIBRARY = "libc++";
				CLANG_ENABLE_MODULES = YES;
				CLANG_ENABLE_OBJC_ARC = YES;
				CLANG_ENABLE_OBJC_WEAK = YES;
				CLANG_WARN_BLOCK_CAPTURE_AUTORELEASING = YES;
				CLANG_WARN_BOOL_CONVERSION = YES;
				CLANG_WARN_COMMA = YES;
				CLANG_WARN_CONSTANT_CONVERSION = YES;
				CLANG_WARN_DEPRECATED_OBJC_IMPLEMENTATIONS = YES;
				CLANG_WARN_DIRECT_OBJC_ISA_USAGE = YES_ERROR;
				CLANG_WARN_DOCUMENTATION_COMMENTS = YES;
				CLANG_WARN_EMPTY_BODY = YES;
				CLANG_WARN_ENUM_CONVERSION = YES;
				CLANG_WARN_INFINITE_RECURSION = YES;
				CLANG_WARN_INT_CONVERSION = YES;
				CLANG_WARN_NON_LITERAL_NULL_CONVERSION = YES;
				CLANG_WARN_OBJC_IMPLICIT_RETAIN_SELF = YES;
				CLANG_WARN_OBJC_LITERAL_CONVERSION = YES;
				CLANG_WARN_OBJC_ROOT_CLASS = YES_ERROR;
				CLANG_WARN_RANGE_LOOP_ANALYSIS = YES;
				CLANG_WARN_STRICT_PROTOTYPES = YES;
				CLANG_WARN_SUSPICIOUS_MOVE = YES;
				CLANG_WARN_UNGUARDED_AVAILABILITY = YES_AGGRESSIVE;
				CLANG_WARN_UNREACHABLE_CODE = YES;
				CLANG_WARN__DUPLICATE_METHOD_MATCH = YES;
				CODE_SIGN_IDENTITY = "iPhone Developer";
				COPY_PHASE_STRIP = NO;
				DEBUG_INFORMATION_FORMAT = "dwarf-with-dsym";
				ENABLE_NS_ASSERTIONS = NO;
				ENABLE_STRICT_OBJC_MSGSEND = YES;
				GCC_C_LANGUAGE_STANDARD = gnu11;
				GCC_NO_COMMON_BLOCKS = YES;
				GCC_WARN_64_TO_32_BIT_CONVERSION = YES;
				GCC_WARN_ABOUT_RETURN_TYPE = YES_ERROR;
				GCC_WARN_UNDECLARED_SELECTOR = YES;
				GCC_WARN_UNINITIALIZED_AUTOS = YES_AGGRESSIVE;
				GCC_WARN_UNUSED_FUNCTION = YES;
				GCC_WARN_UNUSED_VARIABLE = YES;
				IPHONEOS_DEPLOYMENT_TARGET = 13.0;
				MTL_ENABLE_DEBUG_INFO = NO;
				MTL_FAST_MATH = YES;
				SDKROOT = iphoneos;
				SWIFT_COMPILATION_MODE = wholemodule;
				SWIFT_OPTIMIZATION_LEVEL = "-O";
				VALIDATE_PRODUCT = YES;
			};
			name = Release;
		};
		4D058E072173D0090060D78D /* Debug */ = {
			isa = XCBuildConfiguration;
			baseConfigurationReference = CCDE2D6BEC264162882709DA /* Pods-Flora.debug.xcconfig */;
			buildSettings = {
				ASSETCATALOG_COMPILER_APPICON_NAME = AppIcon;
				CODE_SIGN_STYLE = Automatic;
				DEVELOPMENT_TEAM = VKVKWJ27KE;
				FRAMEWORK_SEARCH_PATHS = (
					"$(inherited)",
					"$(PROJECT_DIR)",
				);
				INFOPLIST_FILE = Flora/Info.plist;
				LD_RUNPATH_SEARCH_PATHS = (
					"$(inherited)",
					"@executable_path/Frameworks",
				);
				PRODUCT_BUNDLE_IDENTIFIER = com.markvillar.Flora;
				PRODUCT_NAME = "$(TARGET_NAME)";
				SWIFT_VERSION = 5.0;
				TARGETED_DEVICE_FAMILY = 1;
			};
			name = Debug;
		};
		4D058E082173D0090060D78D /* Release */ = {
			isa = XCBuildConfiguration;
			baseConfigurationReference = E5B38042A8C2FD86DDCBD9A8 /* Pods-Flora.release.xcconfig */;
			buildSettings = {
				ASSETCATALOG_COMPILER_APPICON_NAME = AppIcon;
				CODE_SIGN_STYLE = Automatic;
				DEVELOPMENT_TEAM = VKVKWJ27KE;
				FRAMEWORK_SEARCH_PATHS = (
					"$(inherited)",
					"$(PROJECT_DIR)",
				);
				INFOPLIST_FILE = Flora/Info.plist;
				LD_RUNPATH_SEARCH_PATHS = (
					"$(inherited)",
					"@executable_path/Frameworks",
				);
				PRODUCT_BUNDLE_IDENTIFIER = com.markvillar.Flora;
				PRODUCT_NAME = "$(TARGET_NAME)";
				SWIFT_VERSION = 5.0;
				TARGETED_DEVICE_FAMILY = 1;
			};
			name = Release;
		};
/* End XCBuildConfiguration section */

/* Begin XCConfigurationList section */
		4D058DEF2173D0070060D78D /* Build configuration list for PBXProject "Flora" */ = {
			isa = XCConfigurationList;
			buildConfigurations = (
				4D058E042173D0090060D78D /* Debug */,
				4D058E052173D0090060D78D /* Release */,
			);
			defaultConfigurationIsVisible = 0;
			defaultConfigurationName = Release;
		};
		4D058E062173D0090060D78D /* Build configuration list for PBXNativeTarget "Flora" */ = {
			isa = XCConfigurationList;
			buildConfigurations = (
				4D058E072173D0090060D78D /* Debug */,
				4D058E082173D0090060D78D /* Release */,
			);
			defaultConfigurationIsVisible = 0;
			defaultConfigurationName = Release;
		};
/* End XCConfigurationList section */
	};
	rootObject = 4D058DEC2173D0070060D78D /* Project object */;
}
